// !$*UTF8*$!
{
	archiveVersion = 1;
	classes = {};
	objectVersion = 56;
	objects = {
		347CBC0EC49D32165362B835 = {isa = PBXFileReference; lastKnownFileType = sourcecode.swift; path = "SleepBird/ContentView.swift"; sourceTree = SOURCE_ROOT; };
		0224E1A46665760903EEDAD2 = {isa = PBXBuildFile; fileRef = 347CBC0EC49D32165362B835; };
		A5A6D88763C08ED951913C82 = {isa = PBXFileReference; lastKnownFileType = sourcecode.swift; path = "SleepBird/Models/ReminderLevel.swift"; sourceTree = SOURCE_ROOT; };
		E4BAEBA1B328B445091B87AB = {isa = PBXBuildFile; fileRef = A5A6D88763C08ED951913C82; };
		33F39AFB1405D4A05E5CC28E = {isa = PBXFileReference; lastKnownFileType = sourcecode.swift; path = "SleepBird/Models/SleepRecord.swift"; sourceTree = SOURCE_ROOT; };
		C0FE11397E6B541F6DE998E0 = {isa = PBXBuildFile; fileRef = 33F39AFB1405D4A05E5CC28E; };
		AC928B0310C5C0A88CBF474E = {isa = PBXFileReference; lastKnownFileType = sourcecode.swift; path = "SleepBird/Services/NotificationManager.swift"; sourceTree = SOURCE_ROOT; };
		80813290B74DA7C00AA4B11A = {isa = PBXBuildFile; fileRef = AC928B0310C5C0A88CBF474E; };
		3261F5E9E7D5271FE09B9EA4 = {isa = PBXFileReference; lastKnownFileType = sourcecode.swift; path = "SleepBird/Services/NotificationMessageProvider.swift"; sourceTree = SOURCE_ROOT; };
		0FFB2E255C691DA679BE770D = {isa = PBXBuildFile; fileRef = 3261F5E9E7D5271FE09B9EA4; };
		368767B44F733B1AEE844486 = {isa = PBXFileReference; lastKnownFileType = sourcecode.swift; path = "SleepBird/Services/ReminderScheduler.swift"; sourceTree = SOURCE_ROOT; };
		C71B2A453E29A9F28B949949 = {isa = PBXBuildFile; fileRef = 368767B44F733B1AEE844486; };
		89C742F65DD071E86052F9EF = {isa = PBXFileReference; lastKnownFileType = sourcecode.swift; path = "SleepBird/Services/SleepTracker.swift"; sourceTree = SOURCE_ROOT; };
		68F1CEE158C50467FEBF8E6F = {isa = PBXBuildFile; fileRef = 89C742F65DD071E86052F9EF; };
		0C222ECD8816C560F5C51BC5 = {isa = PBXFileReference; lastKnownFileType = sourcecode.swift; path = "SleepBird/SleepBirdApp.swift"; sourceTree = SOURCE_ROOT; };
		8C668983E918EF9FD6AEC76B = {isa = PBXBuildFile; fileRef = 0C222ECD8816C560F5C51BC5; };
		892C65489837926925D9F389 = {isa = PBXFileReference; lastKnownFileType = sourcecode.swift; path = "SleepBird/Views/DebugView.swift"; sourceTree = SOURCE_ROOT; };
		9C1CA009104373DF586300E0 = {isa = PBXBuildFile; fileRef = 892C65489837926925D9F389; };
		5931391FD18251B767862ACD = {isa = PBXFileReference; lastKnownFileType = sourcecode.swift; path = "SleepBird/Views/HistoryView.swift"; sourceTree = SOURCE_ROOT; };
		29AF2F157703FF12152771F9 = {isa = PBXBuildFile; fileRef = 5931391FD18251B767862ACD; };
		181D4253D07CBE2E1B841247 = {isa = PBXFileReference; lastKnownFileType = sourcecode.swift; path = "SleepBird/Views/HomeView.swift"; sourceTree = SOURCE_ROOT; };
		28FE7284AEBA8C903362AEFD = {isa = PBXBuildFile; fileRef = 181D4253D07CBE2E1B841247; };
		BD528AE4F4718F2F23AC51F0 = {isa = PBXFileReference; lastKnownFileType = sourcecode.swift; path = "SleepBird/Views/SettingsView.swift"; sourceTree = SOURCE_ROOT; };
		9E8AF21621AF9397E8696417 = {isa = PBXBuildFile; fileRef = BD528AE4F4718F2F23AC51F0; };
		266E1B8C62984A4A33ABE214 = {isa = PBXFileReference; lastKnownFileType = sourcecode.swift; path = "SleepBirdTests/SleepBirdTests.swift"; sourceTree = SOURCE_ROOT; };
		DDA488CA0E1AE9BE3201B4A6 = {isa = PBXBuildFile; fileRef = 266E1B8C62984A4A33ABE214; };
		65083CB583DE3BD2B805AB97 = {isa = PBXFileReference; lastKnownFileType = folder.assetcatalog; path = "SleepBird/Assets.xcassets"; sourceTree = SOURCE_ROOT; };
		836C2A88F37A0332ACAED94C = {isa = PBXBuildFile; fileRef = 65083CB583DE3BD2B805AB97; };
		BB576C36CC0FB8FB2ADFF249 = {isa = PBXFileReference; lastKnownFileType = text.xml; path = "SleepBird/PrivacyInfo.xcprivacy"; sourceTree = SOURCE_ROOT; };
		A6AFA7E43873B9BD2A05943C = {isa = PBXBuildFile; fileRef = BB576C36CC0FB8FB2ADFF249; };
		681C948D238C526E9E3424E0 = {isa = PBXFileReference; explicitFileType = wrapper.application; includeInIndex = 0; path = SleepBird.app; sourceTree = BUILT_PRODUCTS_DIR; };
		0A99D63D4A5EC173C6A7E9BB = {isa = PBXFileReference; explicitFileType = wrapper.cfbundle; includeInIndex = 0; path = SleepBirdTests.xctest; sourceTree = BUILT_PRODUCTS_DIR; };
		AFF87A50730392B6633ACECE = {isa = PBXSourcesBuildPhase; buildActionMask = 2147483647; files = (0224E1A46665760903EEDAD2, E4BAEBA1B328B445091B87AB, C0FE11397E6B541F6DE998E0, 80813290B74DA7C00AA4B11A, 0FFB2E255C691DA679BE770D, C71B2A453E29A9F28B949949, 68F1CEE158C50467FEBF8E6F, 8C668983E918EF9FD6AEC76B, 9C1CA009104373DF586300E0, 29AF2F157703FF12152771F9, 28FE7284AEBA8C903362AEFD, 9E8AF21621AF9397E8696417); runOnlyForDeploymentPostprocessing = 0; };
		DEE94446A282611C16F7781C = {isa = PBXSourcesBuildPhase; buildActionMask = 2147483647; files = (DDA488CA0E1AE9BE3201B4A6); runOnlyForDeploymentPostprocessing = 0; };
		F9187E824FE171A6F0EFAE28 = {isa = PBXResourcesBuildPhase; buildActionMask = 2147483647; files = (836C2A88F37A0332ACAED94C, A6AFA7E43873B9BD2A05943C); runOnlyForDeploymentPostprocessing = 0; };
		1F030AB36D1A3A4389CF71AE = {isa = PBXResourcesBuildPhase; buildActionMask = 2147483647; files = (); runOnlyForDeploymentPostprocessing = 0; };
		7A4C2DC8FCA657188648E999 = {isa = PBXFrameworksBuildPhase; buildActionMask = 2147483647; files = (); runOnlyForDeploymentPostprocessing = 0; };
		B10CDED79664567B030B2B4F = {isa = PBXFrameworksBuildPhase; buildActionMask = 2147483647; files = (); runOnlyForDeploymentPostprocessing = 0; };
		488864B3D19480A82F7F1786 = {isa = XCBuildConfiguration; buildSettings = {CLANG_ENABLE_MODULES = YES; CLANG_ENABLE_OBJC_ARC = YES; IPHONEOS_DEPLOYMENT_TARGET = 18.0; SDKROOT = iphoneos; SWIFT_VERSION = 5.0; SWIFT_STRICT_CONCURRENCY = minimal; GCC_C_LANGUAGE_STANDARD = gnu17; SWIFT_OPTIMIZATION_LEVEL = "-Onone"; DEBUG_INFORMATION_FORMAT = dwarf; SWIFT_ACTIVE_COMPILATION_CONDITIONS = "DEBUG $(inherited)"; ENABLE_TESTABILITY = YES;}; name = Debug; };
		35B1014F135DE9B45529B733 = {isa = XCBuildConfiguration; buildSettings = {CLANG_ENABLE_MODULES = YES; CLANG_ENABLE_OBJC_ARC = YES; IPHONEOS_DEPLOYMENT_TARGET = 18.0; SDKROOT = iphoneos; SWIFT_VERSION = 5.0; SWIFT_STRICT_CONCURRENCY = minimal; GCC_C_LANGUAGE_STANDARD = gnu17; SWIFT_OPTIMIZATION_LEVEL = "-O"; DEBUG_INFORMATION_FORMAT = "dwarf-with-dsym";}; name = Release; };
		B4E10CAA9C5E22150B71559C = {isa = XCConfigurationList; buildConfigurations = (488864B3D19480A82F7F1786, 35B1014F135DE9B45529B733); defaultConfigurationIsVisible = 0; defaultConfigurationName = Release; };
		2A04C20BF6D5C20A63A1D4CC = {isa = XCBuildConfiguration; buildSettings = {CODE_SIGN_STYLE = Automatic; GENERATE_INFOPLIST_FILE = YES; IPHONEOS_DEPLOYMENT_TARGET = 18.0; SWIFT_VERSION = 5.0; PRODUCT_NAME = "$(TARGET_NAME)"; TARGETED_DEVICE_FAMILY = "1,2"; SUPPORTED_PLATFORMS = "iphoneos iphonesimulator"; SUPPORTS_MACCATALYST = NO; PRODUCT_BUNDLE_IDENTIFIER = com.example.SleepBird; MARKETING_VERSION = 1.1.0; CURRENT_PROJECT_VERSION = 2; ASSETCATALOG_COMPILER_APPICON_NAME = AppIcon; INFOPLIST_KEY_CFBundleDisplayName = SleepBird; INFOPLIST_KEY_LSApplicationCategoryType = "public.app-category.lifestyle"; INFOPLIST_KEY_UIApplicationSceneManifest_Generation = YES; INFOPLIST_KEY_UIApplicationSupportsIndirectInputEvents = YES; INFOPLIST_KEY_UILaunchScreen_Generation = YES; INFOPLIST_KEY_UISupportedInterfaceOrientations_iPhone = "UIInterfaceOrientationPortrait UIInterfaceOrientationLandscapeLeft UIInterfaceOrientationLandscapeRight"; INFOPLIST_KEY_UISupportedInterfaceOrientations_iPad = "UIInterfaceOrientationPortrait UIInterfaceOrientationPortraitUpsideDown UIInterfaceOrientationLandscapeLeft UIInterfaceOrientationLandscapeRight"; LD_RUNPATH_SEARCH_PATHS = "$(inherited) @executable_path/Frameworks"; SWIFT_OPTIMIZATION_LEVEL = "-Onone"; DEBUG_INFORMATION_FORMAT = dwarf; SWIFT_ACTIVE_COMPILATION_CONDITIONS = "DEBUG $(inherited)"; ENABLE_TESTABILITY = YES;}; name = Debug; };
		E28089EB494F94D6F9770EC2 = {isa = XCBuildConfiguration; buildSettings = {CODE_SIGN_STYLE = Automatic; GENERATE_INFOPLIST_FILE = YES; IPHONEOS_DEPLOYMENT_TARGET = 18.0; SWIFT_VERSION = 5.0; PRODUCT_NAME = "$(TARGET_NAME)"; TARGETED_DEVICE_FAMILY = "1,2"; SUPPORTED_PLATFORMS = "iphoneos iphonesimulator"; SUPPORTS_MACCATALYST = NO; PRODUCT_BUNDLE_IDENTIFIER = com.example.SleepBird; MARKETING_VERSION = 1.1.0; CURRENT_PROJECT_VERSION = 2; ASSETCATALOG_COMPILER_APPICON_NAME = AppIcon; INFOPLIST_KEY_CFBundleDisplayName = SleepBird; INFOPLIST_KEY_LSApplicationCategoryType = "public.app-category.lifestyle"; INFOPLIST_KEY_UIApplicationSceneManifest_Generation = YES; INFOPLIST_KEY_UIApplicationSupportsIndirectInputEvents = YES; INFOPLIST_KEY_UILaunchScreen_Generation = YES; INFOPLIST_KEY_UISupportedInterfaceOrientations_iPhone = "UIInterfaceOrientationPortrait UIInterfaceOrientationLandscapeLeft UIInterfaceOrientationLandscapeRight"; INFOPLIST_KEY_UISupportedInterfaceOrientations_iPad = "UIInterfaceOrientationPortrait UIInterfaceOrientationPortraitUpsideDown UIInterfaceOrientationLandscapeLeft UIInterfaceOrientationLandscapeRight"; LD_RUNPATH_SEARCH_PATHS = "$(inherited) @executable_path/Frameworks"; SWIFT_OPTIMIZATION_LEVEL = "-O"; DEBUG_INFORMATION_FORMAT = "dwarf-with-dsym";}; name = Release; };
		7BCEE9A04133D8A2FED7D4D3 = {isa = XCConfigurationList; buildConfigurations = (2A04C20BF6D5C20A63A1D4CC, E28089EB494F94D6F9770EC2); defaultConfigurationIsVisible = 0; defaultConfigurationName = Release; };
		12946E3301F628EAC49744B8 = {isa = XCBuildConfiguration; buildSettings = {CODE_SIGN_STYLE = Automatic; GENERATE_INFOPLIST_FILE = YES; IPHONEOS_DEPLOYMENT_TARGET = 18.0; SWIFT_VERSION = 5.0; PRODUCT_NAME = "$(TARGET_NAME)"; TARGETED_DEVICE_FAMILY = "1,2"; SUPPORTED_PLATFORMS = "iphoneos iphonesimulator"; SUPPORTS_MACCATALYST = NO; PRODUCT_BUNDLE_IDENTIFIER = com.example.SleepBirdTests; TEST_HOST = "$(BUILT_PRODUCTS_DIR)/SleepBird.app/$(BUNDLE_EXECUTABLE_FOLDER_PATH)/SleepBird"; BUNDLE_LOADER = "$(TEST_HOST)"; LD_RUNPATH_SEARCH_PATHS = "$(inherited) @executable_path/Frameworks @loader_path/Frameworks"; SWIFT_OPTIMIZATION_LEVEL = "-Onone"; DEBUG_INFORMATION_FORMAT = dwarf; SWIFT_ACTIVE_COMPILATION_CONDITIONS = "DEBUG $(inherited)"; ENABLE_TESTABILITY = YES;}; name = Debug; };
		42EE86C84AAD61C6F57FBD29 = {isa = XCBuildConfiguration; buildSettings = {CODE_SIGN_STYLE = Automatic; GENERATE_INFOPLIST_FILE = YES; IPHONEOS_DEPLOYMENT_TARGET = 18.0; SWIFT_VERSION = 5.0; PRODUCT_NAME = "$(TARGET_NAME)"; TARGETED_DEVICE_FAMILY = "1,2"; SUPPORTED_PLATFORMS = "iphoneos iphonesimulator"; SUPPORTS_MACCATALYST = NO; PRODUCT_BUNDLE_IDENTIFIER = com.example.SleepBirdTests; TEST_HOST = "$(BUILT_PRODUCTS_DIR)/SleepBird.app/$(BUNDLE_EXECUTABLE_FOLDER_PATH)/SleepBird"; BUNDLE_LOADER = "$(TEST_HOST)"; LD_RUNPATH_SEARCH_PATHS = "$(inherited) @executable_path/Frameworks @loader_path/Frameworks"; SWIFT_OPTIMIZATION_LEVEL = "-O"; DEBUG_INFORMATION_FORMAT = "dwarf-with-dsym";}; name = Release; };
		03DD3B561E55E02346DA0484 = {isa = XCConfigurationList; buildConfigurations = (12946E3301F628EAC49744B8, 42EE86C84AAD61C6F57FBD29); defaultConfigurationIsVisible = 0; defaultConfigurationName = Release; };
		DAB01D73CBBCF1FEDE84E2D6 = {isa = PBXContainerItemProxy; containerPortal = 244210E48437B6556980A702; proxyType = 1; remoteGlobalIDString = C1E9827DB735CA9BAA54A540; remoteInfo = SleepBird; };
		F9A94CEF8CF7D85CE881E703 = {isa = PBXTargetDependency; target = C1E9827DB735CA9BAA54A540; targetProxy = DAB01D73CBBCF1FEDE84E2D6; };
		C1E9827DB735CA9BAA54A540 = {isa = PBXNativeTarget; buildConfigurationList = 7BCEE9A04133D8A2FED7D4D3; buildPhases = (AFF87A50730392B6633ACECE, 7A4C2DC8FCA657188648E999, F9187E824FE171A6F0EFAE28); buildRules = (); dependencies = (); name = SleepBird; productName = SleepBird; productReference = 681C948D238C526E9E3424E0; productType = "com.apple.product-type.application"; };
		9805CBD60EB4F66728D5D195 = {isa = PBXNativeTarget; buildConfigurationList = 03DD3B561E55E02346DA0484; buildPhases = (DEE94446A282611C16F7781C, B10CDED79664567B030B2B4F, 1F030AB36D1A3A4389CF71AE); buildRules = (); dependencies = (F9A94CEF8CF7D85CE881E703); name = SleepBirdTests; productName = SleepBirdTests; productReference = 0A99D63D4A5EC173C6A7E9BB; productType = "com.apple.product-type.bundle.unit-test"; };
		3B321D4C1A98E53F25157DEF = {isa = PBXGroup; children = (347CBC0EC49D32165362B835, A5A6D88763C08ED951913C82, 33F39AFB1405D4A05E5CC28E, AC928B0310C5C0A88CBF474E, 3261F5E9E7D5271FE09B9EA4, 368767B44F733B1AEE844486, 89C742F65DD071E86052F9EF, 0C222ECD8816C560F5C51BC5, 892C65489837926925D9F389, 5931391FD18251B767862ACD, 181D4253D07CBE2E1B841247, BD528AE4F4718F2F23AC51F0, 65083CB583DE3BD2B805AB97, BB576C36CC0FB8FB2ADFF249); name = SleepBird; sourceTree = "<group>"; };
		C4DF94A42CA730B26E01C133 = {isa = PBXGroup; children = (266E1B8C62984A4A33ABE214); name = SleepBirdTests; sourceTree = "<group>"; };
		B9E7F2871A3402983868AFC8 = {isa = PBXGroup; children = (681C948D238C526E9E3424E0, 0A99D63D4A5EC173C6A7E9BB); name = Products; sourceTree = "<group>"; };
		19F479106CE8C3BA8C106518 = {isa = PBXGroup; children = (3B321D4C1A98E53F25157DEF, C4DF94A42CA730B26E01C133, B9E7F2871A3402983868AFC8); sourceTree = "<group>"; };
		244210E48437B6556980A702 = {isa = PBXProject; attributes = {BuildIndependentTargetsInParallel = YES; LastUpgradeCheck = 1600; TargetAttributes = {C1E9827DB735CA9BAA54A540 = {CreatedOnToolsVersion = 16.0; }; 9805CBD60EB4F66728D5D195 = {CreatedOnToolsVersion = 16.0; TestTargetID = C1E9827DB735CA9BAA54A540; }; }; }; buildConfigurationList = B4E10CAA9C5E22150B71559C; compatibilityVersion = "Xcode 14.0"; developmentRegion = zh-Hans; hasScannedForEncodings = 0; knownRegions = (en, Base, "zh-Hans"); mainGroup = 19F479106CE8C3BA8C106518; productRefGroup = B9E7F2871A3402983868AFC8; projectDirPath = ""; projectRoot = ""; targets = (C1E9827DB735CA9BAA54A540, 9805CBD60EB4F66728D5D195); };
	};
	rootObject = 244210E48437B6556980A702;
}
